
Microsoft Visual Studio Solution File, Format Version 12.00
# Visual Studio 14
VisualStudioVersion = 14.0.25420.1
MinimumVisualStudioVersion = 10.0.40219.1
Project("{FAE04EC0-301F-11D3-BF4B-00C04F79EFBC}") = "Soundbites", "Thumbnail\Soundbites.csproj", "{B957CA83-1DE2-4E02-BC83-631E776996B2}"
EndProject
Project("{FAE04EC0-301F-11D3-BF4B-00C04F79EFBC}") = "Soundbites-WebJob", "Thumbnails-WebJob\Soundbites-WebJob.csproj", "{1BA4F273-8ECA-4969-A9AA-977A91DCB8A3}"
EndProject
Global
	GlobalSection(SolutionConfigurationPlatforms) = preSolution
		Debug|Any CPU = Debug|Any CPU
		Release|Any CPU = Release|Any CPU
	EndGlobalSection
	GlobalSection(ProjectConfigurationPlatforms) = postSolution
		{B957CA83-1DE2-4E02-BC83-631E776996B2}.Debug|Any CPU.ActiveCfg = Debug|Any CPU
		{B957CA83-1DE2-4E02-BC83-631E776996B2}.Debug|Any CPU.Build.0 = Debug|Any CPU
		{B957CA83-1DE2-4E02-BC83-631E776996B2}.Release|Any CPU.ActiveCfg = Release|Any CPU
		{B957CA83-1DE2-4E02-BC83-631E776996B2}.Release|Any CPU.Build.0 = Release|Any CPU
		{1BA4F273-8ECA-4969-A9AA-977A91DCB8A3}.Debug|Any CPU.ActiveCfg = Debug|Any CPU
		{1BA4F273-8ECA-4969-A9AA-977A91DCB8A3}.Debug|Any CPU.Build.0 = Debug|Any CPU
		{1BA4F273-8ECA-4969-A9AA-977A91DCB8A3}.Release|Any CPU.ActiveCfg = Release|Any CPU
		{1BA4F273-8ECA-4969-A9AA-977A91DCB8A3}.Release|Any CPU.Build.0 = Release|Any CPU
	EndGlobalSection
	GlobalSection(SolutionProperties) = preSolution
		HideSolutionNode = FALSE
	EndGlobalSection
EndGlobal
